
Microsoft Visual Studio Solution File, Format Version 12.00
# Visual Studio Version 17
VisualStudioVersion = 17.4.33213.308
MinimumVisualStudioVersion = 10.0.40219.1
Project("{2150E333-8FDC-42A3-9474-1A3956D46DE8}") = "10_Api", "10_Api", "{FFBDDF8B-B91D-4E4D-A24B-21CA75D755EF}"
EndProject
Project("{FAE04EC0-301F-11D3-BF4B-00C04F79EFBC}") = "Onwelo.Api", "Onwelo.Api\Onwelo.Api.csproj", "{2D3B24C6-78F0-43F3-90A5-693CA72CEFBD}"
EndProject
Global
	GlobalSection(SolutionConfigurationPlatforms) = preSolution
		Debug|Any CPU = Debug|Any CPU
		Release|Any CPU = Release|Any CPU
	EndGlobalSection
	GlobalSection(ProjectConfigurationPlatforms) = postSolution
		{2D3B24C6-78F0-43F3-90A5-693CA72CEFBD}.Debug|Any CPU.ActiveCfg = Debug|Any CPU
		{2D3B24C6-78F0-43F3-90A5-693CA72CEFBD}.Debug|Any CPU.Build.0 = Debug|Any CPU
		{2D3B24C6-78F0-43F3-90A5-693CA72CEFBD}.Release|Any CPU.ActiveCfg = Release|Any CPU
		{2D3B24C6-78F0-43F3-90A5-693CA72CEFBD}.Release|Any CPU.Build.0 = Release|Any CPU
	EndGlobalSection
	GlobalSection(SolutionProperties) = preSolution
		HideSolutionNode = FALSE
	EndGlobalSection
	GlobalSection(NestedProjects) = preSolution
		{2D3B24C6-78F0-43F3-90A5-693CA72CEFBD} = {FFBDDF8B-B91D-4E4D-A24B-21CA75D755EF}
	EndGlobalSection
	GlobalSection(ExtensibilityGlobals) = postSolution
		SolutionGuid = {E4B3C009-0C8D-49E6-A70E-51758D1F81FE}
	EndGlobalSection
EndGlobal
